
Microsoft Visual Studio Solution File, Format Version 12.00
# Visual Studio Version 17
VisualStudioVersion = 17.7.34024.191
MinimumVisualStudioVersion = 10.0.40219.1
Project("{FAE04EC0-301F-11D3-BF4B-00C04F79EFBC}") = "Ornek_Konsol", "Ornek_Konsol\Ornek_Konsol.csproj", "{CC671667-222A-4AEA-B832-9DE2122DC084}"
EndProject
Global
	GlobalSection(SolutionConfigurationPlatforms) = preSolution
		Debug|Any CPU = Debug|Any CPU
		Release|Any CPU = Release|Any CPU
	EndGlobalSection
	GlobalSection(ProjectConfigurationPlatforms) = postSolution
		{CC671667-222A-4AEA-B832-9DE2122DC084}.Debug|Any CPU.ActiveCfg = Debug|Any CPU
		{CC671667-222A-4AEA-B832-9DE2122DC084}.Debug|Any CPU.Build.0 = Debug|Any CPU
		{CC671667-222A-4AEA-B832-9DE2122DC084}.Release|Any CPU.ActiveCfg = Release|Any CPU
		{CC671667-222A-4AEA-B832-9DE2122DC084}.Release|Any CPU.Build.0 = Release|Any CPU
	EndGlobalSection
	GlobalSection(SolutionProperties) = preSolution
		HideSolutionNode = FALSE
	EndGlobalSection
	GlobalSection(ExtensibilityGlobals) = postSolution
		SolutionGuid = {0462DB88-CA05-4A44-AE84-0AE8A7B623E0}
	EndGlobalSection
EndGlobal
