
Microsoft Visual Studio Solution File, Format Version 12.00
# Visual Studio Version 17
VisualStudioVersion = 17.7.34031.279
MinimumVisualStudioVersion = 10.0.40219.1
Project("{FAE04EC0-301F-11D3-BF4B-00C04F79EFBC}") = "SayisalLoto", "SayisalLoto\SayisalLoto.csproj", "{6BB09438-EA8E-48E1-A13C-205D4E141B72}"
EndProject
Global
	GlobalSection(SolutionConfigurationPlatforms) = preSolution
		Debug|Any CPU = Debug|Any CPU
		Release|Any CPU = Release|Any CPU
	EndGlobalSection
	GlobalSection(ProjectConfigurationPlatforms) = postSolution
		{6BB09438-EA8E-48E1-A13C-205D4E141B72}.Debug|Any CPU.ActiveCfg = Debug|Any CPU
		{6BB09438-EA8E-48E1-A13C-205D4E141B72}.Debug|Any CPU.Build.0 = Debug|Any CPU
		{6BB09438-EA8E-48E1-A13C-205D4E141B72}.Release|Any CPU.ActiveCfg = Release|Any CPU
		{6BB09438-EA8E-48E1-A13C-205D4E141B72}.Release|Any CPU.Build.0 = Release|Any CPU
	EndGlobalSection
	GlobalSection(SolutionProperties) = preSolution
		HideSolutionNode = FALSE
	EndGlobalSection
	GlobalSection(ExtensibilityGlobals) = postSolution
		SolutionGuid = {ECA74EFD-3B40-43EB-B427-91062438DFBB}
	EndGlobalSection
EndGlobal
