
Microsoft Visual Studio Solution File, Format Version 12.00
# Visual Studio Version 17
VisualStudioVersion = 17.7.34031.279
MinimumVisualStudioVersion = 10.0.40219.1
Project("{FAE04EC0-301F-11D3-BF4B-00C04F79EFBC}") = "PointYapisi", "PointYapisi\PointYapisi.csproj", "{EC2A4F55-57B2-4D59-99F1-5E626273C887}"
EndProject
Global
	GlobalSection(SolutionConfigurationPlatforms) = preSolution
		Debug|Any CPU = Debug|Any CPU
		Release|Any CPU = Release|Any CPU
	EndGlobalSection
	GlobalSection(ProjectConfigurationPlatforms) = postSolution
		{EC2A4F55-57B2-4D59-99F1-5E626273C887}.Debug|Any CPU.ActiveCfg = Debug|Any CPU
		{EC2A4F55-57B2-4D59-99F1-5E626273C887}.Debug|Any CPU.Build.0 = Debug|Any CPU
		{EC2A4F55-57B2-4D59-99F1-5E626273C887}.Release|Any CPU.ActiveCfg = Release|Any CPU
		{EC2A4F55-57B2-4D59-99F1-5E626273C887}.Release|Any CPU.Build.0 = Release|Any CPU
	EndGlobalSection
	GlobalSection(SolutionProperties) = preSolution
		HideSolutionNode = FALSE
	EndGlobalSection
	GlobalSection(ExtensibilityGlobals) = postSolution
		SolutionGuid = {01CC468E-A1FE-45C1-9A01-C09D9FAFDA30}
	EndGlobalSection
EndGlobal
