
Microsoft Visual Studio Solution File, Format Version 12.00
# Visual Studio Version 17
VisualStudioVersion = 17.7.34031.279
MinimumVisualStudioVersion = 10.0.40219.1
Project("{FAE04EC0-301F-11D3-BF4B-00C04F79EFBC}") = "EkstraAracKullanimi", "EkstraAracKullanimi\EkstraAracKullanimi.csproj", "{C32F0398-F2E2-4801-BBA6-34B10760074E}"
EndProject
Global
	GlobalSection(SolutionConfigurationPlatforms) = preSolution
		Debug|Any CPU = Debug|Any CPU
		Release|Any CPU = Release|Any CPU
	EndGlobalSection
	GlobalSection(ProjectConfigurationPlatforms) = postSolution
		{C32F0398-F2E2-4801-BBA6-34B10760074E}.Debug|Any CPU.ActiveCfg = Debug|Any CPU
		{C32F0398-F2E2-4801-BBA6-34B10760074E}.Debug|Any CPU.Build.0 = Debug|Any CPU
		{C32F0398-F2E2-4801-BBA6-34B10760074E}.Release|Any CPU.ActiveCfg = Release|Any CPU
		{C32F0398-F2E2-4801-BBA6-34B10760074E}.Release|Any CPU.Build.0 = Release|Any CPU
	EndGlobalSection
	GlobalSection(SolutionProperties) = preSolution
		HideSolutionNode = FALSE
	EndGlobalSection
	GlobalSection(ExtensibilityGlobals) = postSolution
		SolutionGuid = {5F1CC118-C7DF-422E-8F7C-47D7B8B02EE9}
	EndGlobalSection
EndGlobal
