
Microsoft Visual Studio Solution File, Format Version 12.00
# Visual Studio Version 17
VisualStudioVersion = 17.7.34024.191
MinimumVisualStudioVersion = 10.0.40219.1
Project("{FAE04EC0-301F-11D3-BF4B-00C04F79EFBC}") = "ForEach", "ForEach\ForEach.csproj", "{7D2C50FF-78B7-40D6-A61B-CF33D5A6FE9E}"
EndProject
Global
	GlobalSection(SolutionConfigurationPlatforms) = preSolution
		Debug|Any CPU = Debug|Any CPU
		Release|Any CPU = Release|Any CPU
	EndGlobalSection
	GlobalSection(ProjectConfigurationPlatforms) = postSolution
		{7D2C50FF-78B7-40D6-A61B-CF33D5A6FE9E}.Debug|Any CPU.ActiveCfg = Debug|Any CPU
		{7D2C50FF-78B7-40D6-A61B-CF33D5A6FE9E}.Debug|Any CPU.Build.0 = Debug|Any CPU
		{7D2C50FF-78B7-40D6-A61B-CF33D5A6FE9E}.Release|Any CPU.ActiveCfg = Release|Any CPU
		{7D2C50FF-78B7-40D6-A61B-CF33D5A6FE9E}.Release|Any CPU.Build.0 = Release|Any CPU
	EndGlobalSection
	GlobalSection(SolutionProperties) = preSolution
		HideSolutionNode = FALSE
	EndGlobalSection
	GlobalSection(ExtensibilityGlobals) = postSolution
		SolutionGuid = {6C32AE96-4163-4A1A-95DE-369D93C10B57}
	EndGlobalSection
EndGlobal
