
Microsoft Visual Studio Solution File, Format Version 12.00
# Visual Studio Version 17
VisualStudioVersion = 17.7.34031.279
MinimumVisualStudioVersion = 10.0.40219.1
Project("{FAE04EC0-301F-11D3-BF4B-00C04F79EFBC}") = "EkstraAracKullanimi2", "EkstraAracKullanimi2\EkstraAracKullanimi2.csproj", "{FDC21D65-0080-46EF-B0B8-42DDCA3826FE}"
EndProject
Global
	GlobalSection(SolutionConfigurationPlatforms) = preSolution
		Debug|Any CPU = Debug|Any CPU
		Release|Any CPU = Release|Any CPU
	EndGlobalSection
	GlobalSection(ProjectConfigurationPlatforms) = postSolution
		{FDC21D65-0080-46EF-B0B8-42DDCA3826FE}.Debug|Any CPU.ActiveCfg = Debug|Any CPU
		{FDC21D65-0080-46EF-B0B8-42DDCA3826FE}.Debug|Any CPU.Build.0 = Debug|Any CPU
		{FDC21D65-0080-46EF-B0B8-42DDCA3826FE}.Release|Any CPU.ActiveCfg = Release|Any CPU
		{FDC21D65-0080-46EF-B0B8-42DDCA3826FE}.Release|Any CPU.Build.0 = Release|Any CPU
	EndGlobalSection
	GlobalSection(SolutionProperties) = preSolution
		HideSolutionNode = FALSE
	EndGlobalSection
	GlobalSection(ExtensibilityGlobals) = postSolution
		SolutionGuid = {3A95F194-7F5F-4535-8711-B30A1C28C46B}
	EndGlobalSection
EndGlobal
